
Microsoft Visual Studio Solution File, Format Version 12.00
# Visual Studio 15
Project("{FAE04EC0-301F-11D3-BF4B-00C04F79EFBC}") = "Scripts.Visualisation", "Scripts.Visualisation.csproj", "{75FE0650-E796-5C70-99D9-D89836C1A638}"
EndProject
Project("{FAE04EC0-301F-11D3-BF4B-00C04F79EFBC}") = "Scripts.UI", "Scripts.UI.csproj", "{D274BB93-AA31-2F76-D53A-EEA9BD5E8430}"
EndProject
Project("{FAE04EC0-301F-11D3-BF4B-00C04F79EFBC}") = "Scripts.Audio", "Scripts.Audio.csproj", "{02BE6163-EBEE-D494-4860-9B8C9FA6EC66}"
EndProject
Project("{FAE04EC0-301F-11D3-BF4B-00C04F79EFBC}") = "Scripts.Graphical.NoteManagement", "Scripts.Graphical.NoteManagement.csproj", "{A6AD9F08-A239-C71B-2A23-AC519EBA433F}"
EndProject
Project("{FAE04EC0-301F-11D3-BF4B-00C04F79EFBC}") = "Scripts.Tools", "Scripts.Tools.csproj", "{AD51FE32-77CB-68C8-054D-78F1A19676F3}"
EndProject
Project("{FAE04EC0-301F-11D3-BF4B-00C04F79EFBC}") = "Skripts", "Skripts.csproj", "{AA8A1C81-25D7-BD09-E0B0-BDB32875C7F1}"
EndProject
Project("{FAE04EC0-301F-11D3-BF4B-00C04F79EFBC}") = "Scripts.Graphical.NoteManagment.Storaging", "Scripts.Graphical.NoteManagment.Storaging.csproj", "{7F099656-C88B-7038-B910-8823C9F66B2C}"
EndProject
Project("{FAE04EC0-301F-11D3-BF4B-00C04F79EFBC}") = "ScriptableObject", "ScriptableObject.csproj", "{CF443B26-1A41-4E03-91B3-0529782103D3}"
EndProject
Global
	GlobalSection(SolutionConfigurationPlatforms) = preSolution
		Debug|Any CPU = Debug|Any CPU
		Release|Any CPU = Release|Any CPU
	EndGlobalSection
	GlobalSection(ProjectConfigurationPlatforms) = postSolution
		{75FE0650-E796-5C70-99D9-D89836C1A638}.Debug|Any CPU.ActiveCfg = Debug|Any CPU
		{75FE0650-E796-5C70-99D9-D89836C1A638}.Debug|Any CPU.Build.0 = Debug|Any CPU
		{75FE0650-E796-5C70-99D9-D89836C1A638}.Release|Any CPU.ActiveCfg = Release|Any CPU
		{75FE0650-E796-5C70-99D9-D89836C1A638}.Release|Any CPU.Build.0 = Release|Any CPU
		{D274BB93-AA31-2F76-D53A-EEA9BD5E8430}.Debug|Any CPU.ActiveCfg = Debug|Any CPU
		{D274BB93-AA31-2F76-D53A-EEA9BD5E8430}.Debug|Any CPU.Build.0 = Debug|Any CPU
		{D274BB93-AA31-2F76-D53A-EEA9BD5E8430}.Release|Any CPU.ActiveCfg = Release|Any CPU
		{D274BB93-AA31-2F76-D53A-EEA9BD5E8430}.Release|Any CPU.Build.0 = Release|Any CPU
		{02BE6163-EBEE-D494-4860-9B8C9FA6EC66}.Debug|Any CPU.ActiveCfg = Debug|Any CPU
		{02BE6163-EBEE-D494-4860-9B8C9FA6EC66}.Debug|Any CPU.Build.0 = Debug|Any CPU
		{02BE6163-EBEE-D494-4860-9B8C9FA6EC66}.Release|Any CPU.ActiveCfg = Release|Any CPU
		{02BE6163-EBEE-D494-4860-9B8C9FA6EC66}.Release|Any CPU.Build.0 = Release|Any CPU
		{A6AD9F08-A239-C71B-2A23-AC519EBA433F}.Debug|Any CPU.ActiveCfg = Debug|Any CPU
		{A6AD9F08-A239-C71B-2A23-AC519EBA433F}.Debug|Any CPU.Build.0 = Debug|Any CPU
		{A6AD9F08-A239-C71B-2A23-AC519EBA433F}.Release|Any CPU.ActiveCfg = Release|Any CPU
		{A6AD9F08-A239-C71B-2A23-AC519EBA433F}.Release|Any CPU.Build.0 = Release|Any CPU
		{AD51FE32-77CB-68C8-054D-78F1A19676F3}.Debug|Any CPU.ActiveCfg = Debug|Any CPU
		{AD51FE32-77CB-68C8-054D-78F1A19676F3}.Debug|Any CPU.Build.0 = Debug|Any CPU
		{AD51FE32-77CB-68C8-054D-78F1A19676F3}.Release|Any CPU.ActiveCfg = Release|Any CPU
		{AD51FE32-77CB-68C8-054D-78F1A19676F3}.Release|Any CPU.Build.0 = Release|Any CPU
		{AA8A1C81-25D7-BD09-E0B0-BDB32875C7F1}.Debug|Any CPU.ActiveCfg = Debug|Any CPU
		{AA8A1C81-25D7-BD09-E0B0-BDB32875C7F1}.Debug|Any CPU.Build.0 = Debug|Any CPU
		{AA8A1C81-25D7-BD09-E0B0-BDB32875C7F1}.Release|Any CPU.ActiveCfg = Release|Any CPU
		{AA8A1C81-25D7-BD09-E0B0-BDB32875C7F1}.Release|Any CPU.Build.0 = Release|Any CPU
		{7F099656-C88B-7038-B910-8823C9F66B2C}.Debug|Any CPU.ActiveCfg = Debug|Any CPU
		{7F099656-C88B-7038-B910-8823C9F66B2C}.Debug|Any CPU.Build.0 = Debug|Any CPU
		{7F099656-C88B-7038-B910-8823C9F66B2C}.Release|Any CPU.ActiveCfg = Release|Any CPU
		{7F099656-C88B-7038-B910-8823C9F66B2C}.Release|Any CPU.Build.0 = Release|Any CPU
		{CF443B26-1A41-4E03-91B3-0529782103D3}.Debug|Any CPU.ActiveCfg = Debug|Any CPU
		{CF443B26-1A41-4E03-91B3-0529782103D3}.Debug|Any CPU.Build.0 = Debug|Any CPU
		{CF443B26-1A41-4E03-91B3-0529782103D3}.Release|Any CPU.ActiveCfg = Release|Any CPU
		{CF443B26-1A41-4E03-91B3-0529782103D3}.Release|Any CPU.Build.0 = Release|Any CPU
	EndGlobalSection
	GlobalSection(SolutionProperties) = preSolution
		HideSolutionNode = FALSE
	EndGlobalSection
EndGlobal
